
Microsoft Visual Studio Solution File, Format Version 12.00
Project("{FAE04EC0-301F-11D3-BF4B-00C04F79EFBC}") = "EthScanNet.Lib", "EthScanNet.Lib\EthScanNet.Lib.csproj", "{1A67F0A0-4ED4-43C7-BC89-3564DE582853}"
EndProject
Project("{FAE04EC0-301F-11D3-BF4B-00C04F79EFBC}") = "EthScanNet.Test", "EthScanNet.Test\EthScanNet.Test.csproj", "{AB3C6B2D-97E5-4854-8C73-2AD5573FBA6F}"
EndProject
Global
	GlobalSection(SolutionConfigurationPlatforms) = preSolution
		Debug|Any CPU = Debug|Any CPU
		Release|Any CPU = Release|Any CPU
	EndGlobalSection
	GlobalSection(ProjectConfigurationPlatforms) = postSolution
		{1A67F0A0-4ED4-43C7-BC89-3564DE582853}.Debug|Any CPU.ActiveCfg = Debug|Any CPU
		{1A67F0A0-4ED4-43C7-BC89-3564DE582853}.Debug|Any CPU.Build.0 = Debug|Any CPU
		{1A67F0A0-4ED4-43C7-BC89-3564DE582853}.Release|Any CPU.ActiveCfg = Release|Any CPU
		{1A67F0A0-4ED4-43C7-BC89-3564DE582853}.Release|Any CPU.Build.0 = Release|Any CPU
		{AB3C6B2D-97E5-4854-8C73-2AD5573FBA6F}.Debug|Any CPU.ActiveCfg = Debug|Any CPU
		{AB3C6B2D-97E5-4854-8C73-2AD5573FBA6F}.Debug|Any CPU.Build.0 = Debug|Any CPU
		{AB3C6B2D-97E5-4854-8C73-2AD5573FBA6F}.Release|Any CPU.ActiveCfg = Release|Any CPU
		{AB3C6B2D-97E5-4854-8C73-2AD5573FBA6F}.Release|Any CPU.Build.0 = Release|Any CPU
	EndGlobalSection
EndGlobal
